
Microsoft Visual Studio Solution File, Format Version 12.00
# Visual Studio Version 17
VisualStudioVersion = 17.11.35222.181
MinimumVisualStudioVersion = 10.0.40219.1
Project("{F14B399A-7131-4C87-9E4B-1186C45EF12D}") = "SSRS_TRANSACCIONES_BANCARIAS", "SSRS_TRANSACCIONES_BANCARIAS.rptproj", "{37F5C906-BF7B-46E6-9CDD-CDE19B7853F7}"
EndProject
Global
	GlobalSection(SolutionConfigurationPlatforms) = preSolution
		Debug|Default = Debug|Default
		DebugLocal|Default = DebugLocal|Default
		Release|Default = Release|Default
	EndGlobalSection
	GlobalSection(ProjectConfigurationPlatforms) = postSolution
		{37F5C906-BF7B-46E6-9CDD-CDE19B7853F7}.Debug|Default.ActiveCfg = Debug
		{37F5C906-BF7B-46E6-9CDD-CDE19B7853F7}.Debug|Default.Build.0 = Debug
		{37F5C906-BF7B-46E6-9CDD-CDE19B7853F7}.Debug|Default.Deploy.0 = Debug
		{37F5C906-BF7B-46E6-9CDD-CDE19B7853F7}.DebugLocal|Default.ActiveCfg = DebugLocal
		{37F5C906-BF7B-46E6-9CDD-CDE19B7853F7}.DebugLocal|Default.Build.0 = DebugLocal
		{37F5C906-BF7B-46E6-9CDD-CDE19B7853F7}.Release|Default.ActiveCfg = Release
		{37F5C906-BF7B-46E6-9CDD-CDE19B7853F7}.Release|Default.Build.0 = Release
		{37F5C906-BF7B-46E6-9CDD-CDE19B7853F7}.Release|Default.Deploy.0 = Release
	EndGlobalSection
	GlobalSection(SolutionProperties) = preSolution
		HideSolutionNode = FALSE
	EndGlobalSection
	GlobalSection(ExtensibilityGlobals) = postSolution
		SolutionGuid = {B37972BC-0841-4363-A82B-CB2E08B31094}
	EndGlobalSection
EndGlobal
